
Microsoft Visual Studio Solution File, Format Version 12.00
# Visual Studio Version 16
VisualStudioVersion = 16.0.30523.141
MinimumVisualStudioVersion = 10.0.40219.1
Project("{FAE04EC0-301F-11D3-BF4B-00C04F79EFBC}") = "AltiumHost", "AltiumHost\AltiumHost.csproj", "{46709BD9-0943-40EB-AC05-B67F37B72D32}"
EndProject
Global
	GlobalSection(SolutionConfigurationPlatforms) = preSolution
		Debug|Any CPU = Debug|Any CPU
		Release|Any CPU = Release|Any CPU
	EndGlobalSection
	GlobalSection(ProjectConfigurationPlatforms) = postSolution
		{46709BD9-0943-40EB-AC05-B67F37B72D32}.Debug|Any CPU.ActiveCfg = Debug|Any CPU
		{46709BD9-0943-40EB-AC05-B67F37B72D32}.Debug|Any CPU.Build.0 = Debug|Any CPU
		{46709BD9-0943-40EB-AC05-B67F37B72D32}.Release|Any CPU.ActiveCfg = Release|Any CPU
		{46709BD9-0943-40EB-AC05-B67F37B72D32}.Release|Any CPU.Build.0 = Release|Any CPU
	EndGlobalSection
	GlobalSection(SolutionProperties) = preSolution
		HideSolutionNode = FALSE
	EndGlobalSection
	GlobalSection(ExtensibilityGlobals) = postSolution
		SolutionGuid = {431797A8-C892-4819-A863-6581697AD4BC}
	EndGlobalSection
EndGlobal
